
Microsoft Visual Studio Solution File, Format Version 12.00
# Visual Studio Version 17
VisualStudioVersion = 17.12.35707.178 d17.12
MinimumVisualStudioVersion = 10.0.40219.1
Project("{FAE04EC0-301F-11D3-BF4B-00C04F79EFBC}") = "LoginForm", "LoginForm.csproj", "{862D5D2C-446E-4106-ACD7-029765E464D8}"
EndProject
Global
	GlobalSection(SolutionConfigurationPlatforms) = preSolution
		Debug|Any CPU = Debug|Any CPU
		Release|Any CPU = Release|Any CPU
	EndGlobalSection
	GlobalSection(ProjectConfigurationPlatforms) = postSolution
		{862D5D2C-446E-4106-ACD7-029765E464D8}.Debug|Any CPU.ActiveCfg = Debug|Any CPU
		{862D5D2C-446E-4106-ACD7-029765E464D8}.Debug|Any CPU.Build.0 = Debug|Any CPU
		{862D5D2C-446E-4106-ACD7-029765E464D8}.Release|Any CPU.ActiveCfg = Release|Any CPU
		{862D5D2C-446E-4106-ACD7-029765E464D8}.Release|Any CPU.Build.0 = Release|Any CPU
	EndGlobalSection
	GlobalSection(SolutionProperties) = preSolution
		HideSolutionNode = FALSE
	EndGlobalSection
EndGlobal
